// !$*UTF8*$!
{
	archiveVersion = 1;
	classes = {
	};
	objectVersion = 50;
	objects = {

/* Begin PBXBuildFile section */
		EEAFE2BC20BDC0D60013A8D0 /* AppDelegate.swift in Sources */ = {isa = PBXBuildFile; fileRef = EEAFE2BB20BDC0D60013A8D0 /* AppDelegate.swift */; };
		EEAFE2BE20BDC0D60013A8D0 /* ViewController.swift in Sources */ = {isa = PBXBuildFile; fileRef = EEAFE2BD20BDC0D60013A8D0 /* ViewController.swift */; };
		EEAFE2C120BDC0D60013A8D0 /* Main.storyboard in Resources */ = {isa = PBXBuildFile; fileRef = EEAFE2BF20BDC0D60013A8D0 /* Main.storyboard */; };
		EEAFE2C320BDC0D70013A8D0 /* Assets.xcassets in Resources */ = {isa = PBXBuildFile; fileRef = EEAFE2C220BDC0D70013A8D0 /* Assets.xcassets */; };
		EEAFE2C620BDC0D70013A8D0 /* LaunchScreen.storyboard in Resources */ = {isa = PBXBuildFile; fileRef = EEAFE2C420BDC0D70013A8D0 /* LaunchScreen.storyboard */; };
		EEAFE2D120BDC1220013A8D0 /* FGTwoOptionsPopUp.swift in Sources */ = {isa = PBXBuildFile; fileRef = EEAFE2CE20BDC1210013A8D0 /* FGTwoOptionsPopUp.swift */; };
		EEAFE2D220BDC1220013A8D0 /* FGTwoOptionsConstants.swift in Sources */ = {isa = PBXBuildFile; fileRef = EEAFE2CF20BDC1210013A8D0 /* FGTwoOptionsConstants.swift */; };
		EEAFE2D320BDC1220013A8D0 /* FGTwoOptionsButton.swift in Sources */ = {isa = PBXBuildFile; fileRef = EEAFE2D020BDC1220013A8D0 /* FGTwoOptionsButton.swift */; };
		EEAFE2D520BDC1770013A8D0 /* FGBezierPath.swift in Sources */ = {isa = PBXBuildFile; fileRef = EEAFE2D420BDC1760013A8D0 /* FGBezierPath.swift */; };
		EEAFE2D920BDC6F70013A8D0 /* Simulator Screen Shot - iPhone 7 - 2018-05-29 at 19.35.30.png in Resources */ = {isa = PBXBuildFile; fileRef = EEAFE2D720BDC6F70013A8D0 /* Simulator Screen Shot - iPhone 7 - 2018-05-29 at 19.35.30.png */; };
		EEAFE2DA20BDC6F70013A8D0 /* Simulator Screen Shot - iPhone 7 - 2018-05-29 at 19.35.25.png in Resources */ = {isa = PBXBuildFile; fileRef = EEAFE2D820BDC6F70013A8D0 /* Simulator Screen Shot - iPhone 7 - 2018-05-29 at 19.35.25.png */; };
/* End PBXBuildFile section */

/* Begin PBXFileReference section */
		EEAFE2B820BDC0D60013A8D0 /* FGTwoOptionsPopUp.app */ = {isa = PBXFileReference; explicitFileType = wrapper.application; includeInIndex = 0; path = FGTwoOptionsPopUp.app; sourceTree = BUILT_PRODUCTS_DIR; };
		EEAFE2BB20BDC0D60013A8D0 /* AppDelegate.swift */ = {isa = PBXFileReference; lastKnownFileType = sourcecode.swift; path = AppDelegate.swift; sourceTree = "<group>"; };
		EEAFE2BD20BDC0D60013A8D0 /* ViewController.swift */ = {isa = PBXFileReference; lastKnownFileType = sourcecode.swift; path = ViewController.swift; sourceTree = "<group>"; };
		EEAFE2C020BDC0D60013A8D0 /* Base */ = {isa = PBXFileReference; lastKnownFileType = file.storyboard; name = Base; path = Base.lproj/Main.storyboard; sourceTree = "<group>"; };
		EEAFE2C220BDC0D70013A8D0 /* Assets.xcassets */ = {isa = PBXFileReference; lastKnownFileType = folder.assetcatalog; path = Assets.xcassets; sourceTree = "<group>"; };
		EEAFE2C520BDC0D70013A8D0 /* Base */ = {isa = PBXFileReference; lastKnownFileType = file.storyboard; name = Base; path = Base.lproj/LaunchScreen.storyboard; sourceTree = "<group>"; };
		EEAFE2C720BDC0D70013A8D0 /* Info.plist */ = {isa = PBXFileReference; lastKnownFileType = text.plist.xml; path = Info.plist; sourceTree = "<group>"; };
		EEAFE2CE20BDC1210013A8D0 /* FGTwoOptionsPopUp.swift */ = {isa = PBXFileReference; fileEncoding = 4; lastKnownFileType = sourcecode.swift; path = FGTwoOptionsPopUp.swift; sourceTree = "<group>"; };
		EEAFE2CF20BDC1210013A8D0 /* FGTwoOptionsConstants.swift */ = {isa = PBXFileReference; fileEncoding = 4; lastKnownFileType = sourcecode.swift; path = FGTwoOptionsConstants.swift; sourceTree = "<group>"; };
		EEAFE2D020BDC1220013A8D0 /* FGTwoOptionsButton.swift */ = {isa = PBXFileReference; fileEncoding = 4; lastKnownFileType = sourcecode.swift; path = FGTwoOptionsButton.swift; sourceTree = "<group>"; };
		EEAFE2D420BDC1760013A8D0 /* FGBezierPath.swift */ = {isa = PBXFileReference; fileEncoding = 4; lastKnownFileType = sourcecode.swift; path = FGBezierPath.swift; sourceTree = "<group>"; };
		EEAFE2D720BDC6F70013A8D0 /* Simulator Screen Shot - iPhone 7 - 2018-05-29 at 19.35.30.png */ = {isa = PBXFileReference; lastKnownFileType = image.png; path = "Simulator Screen Shot - iPhone 7 - 2018-05-29 at 19.35.30.png"; sourceTree = "<group>"; };
		EEAFE2D820BDC6F70013A8D0 /* Simulator Screen Shot - iPhone 7 - 2018-05-29 at 19.35.25.png */ = {isa = PBXFileReference; lastKnownFileType = image.png; path = "Simulator Screen Shot - iPhone 7 - 2018-05-29 at 19.35.25.png"; sourceTree = "<group>"; };
/* End PBXFileReference section */

/* Begin PBXFrameworksBuildPhase section */
		EEAFE2B520BDC0D60013A8D0 /* Frameworks */ = {
			isa = PBXFrameworksBuildPhase;
			buildActionMask = 2147483647;
			files = (
			);
			runOnlyForDeploymentPostprocessing = 0;
		};
/* End PBXFrameworksBuildPhase section */

/* Begin PBXGroup section */
		EEAFE2AF20BDC0D60013A8D0 = {
			isa = PBXGroup;
			children = (
				EEAFE2BA20BDC0D60013A8D0 /* FGTwoOptionsPopUp */,
				EEAFE2B920BDC0D60013A8D0 /* Products */,
			);
			sourceTree = "<group>";
		};
		EEAFE2B920BDC0D60013A8D0 /* Products */ = {
			isa = PBXGroup;
			children = (
				EEAFE2B820BDC0D60013A8D0 /* FGTwoOptionsPopUp.app */,
			);
			name = Products;
			sourceTree = "<group>";
		};
		EEAFE2BA20BDC0D60013A8D0 /* FGTwoOptionsPopUp */ = {
			isa = PBXGroup;
			children = (
				EEAFE2D620BDC6490013A8D0 /* Screenshots */,
				EEAFE2CD20BDC1040013A8D0 /* Library */,
				EEAFE2BB20BDC0D60013A8D0 /* AppDelegate.swift */,
				EEAFE2BD20BDC0D60013A8D0 /* ViewController.swift */,
				EEAFE2BF20BDC0D60013A8D0 /* Main.storyboard */,
				EEAFE2C220BDC0D70013A8D0 /* Assets.xcassets */,
				EEAFE2C420BDC0D70013A8D0 /* LaunchScreen.storyboard */,
				EEAFE2C720BDC0D70013A8D0 /* Info.plist */,
			);
			path = FGTwoOptionsPopUp;
			sourceTree = "<group>";
		};
		EEAFE2CD20BDC1040013A8D0 /* Library */ = {
			isa = PBXGroup;
			children = (
				EEAFE2D420BDC1760013A8D0 /* FGBezierPath.swift */,
				EEAFE2D020BDC1220013A8D0 /* FGTwoOptionsButton.swift */,
				EEAFE2CF20BDC1210013A8D0 /* FGTwoOptionsConstants.swift */,
				EEAFE2CE20BDC1210013A8D0 /* FGTwoOptionsPopUp.swift */,
			);
			path = Library;
			sourceTree = "<group>";
		};
		EEAFE2D620BDC6490013A8D0 /* Screenshots */ = {
			isa = PBXGroup;
			children = (
				EEAFE2D820BDC6F70013A8D0 /* Simulator Screen Shot - iPhone 7 - 2018-05-29 at 19.35.25.png */,
				EEAFE2D720BDC6F70013A8D0 /* Simulator Screen Shot - iPhone 7 - 2018-05-29 at 19.35.30.png */,
			);
			path = Screenshots;
			sourceTree = "<group>";
		};
/* End PBXGroup section */

/* Begin PBXNativeTarget section */
		EEAFE2B720BDC0D60013A8D0 /* FGTwoOptionsPopUp */ = {
			isa = PBXNativeTarget;
			buildConfigurationList = EEAFE2CA20BDC0D70013A8D0 /* Build configuration list for PBXNativeTarget "FGTwoOptionsPopUp" */;
			buildPhases = (
				EEAFE2B420BDC0D60013A8D0 /* Sources */,
				EEAFE2B520BDC0D60013A8D0 /* Frameworks */,
				EEAFE2B620BDC0D60013A8D0 /* Resources */,
			);
			buildRules = (
			);
			dependencies = (
			);
			name = FGTwoOptionsPopUp;
			productName = FGTwoOptionsPopUp;
			productReference = EEAFE2B820BDC0D60013A8D0 /* FGTwoOptionsPopUp.app */;
			productType = "com.apple.product-type.application";
		};
/* End PBXNativeTarget section */

/* Begin PBXProject section */
		EEAFE2B020BDC0D60013A8D0 /* Project object */ = {
			isa = PBXProject;
			attributes = {
				LastSwiftUpdateCheck = 0930;
				LastUpgradeCheck = 0930;
				ORGANIZATIONNAME = "Filippo Giove";
				TargetAttributes = {
					EEAFE2B720BDC0D60013A8D0 = {
						CreatedOnToolsVersion = 9.3.1;
					};
				};
			};
			buildConfigurationList = EEAFE2B320BDC0D60013A8D0 /* Build configuration list for PBXProject "FGTwoOptionsPopUp" */;
			compatibilityVersion = "Xcode 9.3";
			developmentRegion = en;
			hasScannedForEncodings = 0;
			knownRegions = (
				en,
				Base,
			);
			mainGroup = EEAFE2AF20BDC0D60013A8D0;
			productRefGroup = EEAFE2B920BDC0D60013A8D0 /* Products */;
			projectDirPath = "";
			projectRoot = "";
			targets = (
				EEAFE2B720BDC0D60013A8D0 /* FGTwoOptionsPopUp */,
			);
		};
/* End PBXProject section */

/* Begin PBXResourcesBuildPhase section */
		EEAFE2B620BDC0D60013A8D0 /* Resources */ = {
			isa = PBXResourcesBuildPhase;
			buildActionMask = 2147483647;
			files = (
				EEAFE2C620BDC0D70013A8D0 /* LaunchScreen.storyboard in Resources */,
				EEAFE2D920BDC6F70013A8D0 /* Simulator Screen Shot - iPhone 7 - 2018-05-29 at 19.35.30.png in Resources */,
				EEAFE2C320BDC0D70013A8D0 /* Assets.xcassets in Resources */,
				EEAFE2DA20BDC6F70013A8D0 /* Simulator Screen Shot - iPhone 7 - 2018-05-29 at 19.35.25.png in Resources */,
				EEAFE2C120BDC0D60013A8D0 /* Main.storyboard in Resources */,
			);
			runOnlyForDeploymentPostprocessing = 0;
		};
/* End PBXResourcesBuildPhase section */

/* Begin PBXSourcesBuildPhase section */
		EEAFE2B420BDC0D60013A8D0 /* Sources */ = {
			isa = PBXSourcesBuildPhase;
			buildActionMask = 2147483647;
			files = (
				EEAFE2BE20BDC0D60013A8D0 /* ViewController.swift in Sources */,
				EEAFE2D320BDC1220013A8D0 /* FGTwoOptionsButton.swift in Sources */,
				EEAFE2BC20BDC0D60013A8D0 /* AppDelegate.swift in Sources */,
				EEAFE2D220BDC1220013A8D0 /* FGTwoOptionsConstants.swift in Sources */,
				EEAFE2D520BDC1770013A8D0 /* FGBezierPath.swift in Sources */,
				EEAFE2D120BDC1220013A8D0 /* FGTwoOptionsPopUp.swift in Sources */,
			);
			runOnlyForDeploymentPostprocessing = 0;
		};
/* End PBXSourcesBuildPhase section */

/* Begin PBXVariantGroup section */
		EEAFE2BF20BDC0D60013A8D0 /* Main.storyboard */ = {
			isa = PBXVariantGroup;
			children = (
				EEAFE2C020BDC0D60013A8D0 /* Base */,
			);
			name = Main.storyboard;
			sourceTree = "<group>";
		};
		EEAFE2C420BDC0D70013A8D0 /* LaunchScreen.storyboard */ = {
			isa = PBXVariantGroup;
			children = (
				EEAFE2C520BDC0D70013A8D0 /* Base */,
			);
			name = LaunchScreen.storyboard;
			sourceTree = "<group>";
		};
/* End PBXVariantGroup section */

/* Begin XCBuildConfiguration section */
		EEAFE2C820BDC0D70013A8D0 /* Debug */ = {
			isa = XCBuildConfiguration;
			buildSettings = {
				ALWAYS_SEARCH_USER_PATHS = NO;
				CLANG_ANALYZER_NONNULL = YES;
				CLANG_ANALYZER_NUMBER_OBJECT_CONVERSION = YES_AGGRESSIVE;
				CLANG_CXX_LANGUAGE_STANDARD = "gnu++14";
				CLANG_CXX_LIBRARY = "libc++";
				CLANG_ENABLE_MODULES = YES;
				CLANG_ENABLE_OBJC_ARC = YES;
				CLANG_ENABLE_OBJC_WEAK = YES;
				CLANG_WARN_BLOCK_CAPTURE_AUTORELEASING = YES;
				CLANG_WARN_BOOL_CONVERSION = YES;
				CLANG_WARN_COMMA = YES;
				CLANG_WARN_CONSTANT_CONVERSION = YES;
				CLANG_WARN_DEPRECATED_OBJC_IMPLEMENTATIONS = YES;
				CLANG_WARN_DIRECT_OBJC_ISA_USAGE = YES_ERROR;
				CLANG_WARN_DOCUMENTATION_COMMENTS = YES;
				CLANG_WARN_EMPTY_BODY = YES;
				CLANG_WARN_ENUM_CONVERSION = YES;
				CLANG_WARN_INFINITE_RECURSION = YES;
				CLANG_WARN_INT_CONVERSION = YES;
				CLANG_WARN_NON_LITERAL_NULL_CONVERSION = YES;
				CLANG_WARN_OBJC_IMPLICIT_RETAIN_SELF = YES;
				CLANG_WARN_OBJC_LITERAL_CONVERSION = YES;
				CLANG_WARN_OBJC_ROOT_CLASS = YES_ERROR;
				CLANG_WARN_RANGE_LOOP_ANALYSIS = YES;
				CLANG_WARN_STRICT_PROTOTYPES = YES;
				CLANG_WARN_SUSPICIOUS_MOVE = YES;
				CLANG_WARN_UNGUARDED_AVAILABILITY = YES_AGGRESSIVE;
				CLANG_WARN_UNREACHABLE_CODE = YES;
				CLANG_WARN__DUPLICATE_METHOD_MATCH = YES;
				CODE_SIGN_IDENTITY = "iPhone Developer";
				COPY_PHASE_STRIP = NO;
				DEBUG_INFORMATION_FORMAT = dwarf;
				ENABLE_STRICT_OBJC_MSGSEND = YES;
				ENABLE_TESTABILITY = YES;
				GCC_C_LANGUAGE_STANDARD = gnu11;
				GCC_DYNAMIC_NO_PIC = NO;
				GCC_NO_COMMON_BLOCKS = YES;
				GCC_OPTIMIZATION_LEVEL = 0;
				GCC_PREPROCESSOR_DEFINITIONS = (
					"DEBUG=1",
					"$(inherited)",
				);
				GCC_WARN_64_TO_32_BIT_CONVERSION = YES;
				GCC_WARN_ABOUT_RETURN_TYPE = YES_ERROR;
				GCC_WARN_UNDECLARED_SELECTOR = YES;
				GCC_WARN_UNINITIALIZED_AUTOS = YES_AGGRESSIVE;
				GCC_WARN_UNUSED_FUNCTION = YES;
				GCC_WARN_UNUSED_VARIABLE = YES;
				IPHONEOS_DEPLOYMENT_TARGET = 11.3;
				MTL_ENABLE_DEBUG_INFO = YES;
				ONLY_ACTIVE_ARCH = YES;
				SDKROOT = iphoneos;
				SWIFT_ACTIVE_COMPILATION_CONDITIONS = DEBUG;
				SWIFT_OPTIMIZATION_LEVEL = "-Onone";
			};
			name = Debug;
		};
		EEAFE2C920BDC0D70013A8D0 /* Release */ = {
			isa = XCBuildConfiguration;
			buildSettings = {
				ALWAYS_SEARCH_USER_PATHS = NO;
				CLANG_ANALYZER_NONNULL = YES;
				CLANG_ANALYZER_NUMBER_OBJECT_CONVERSION = YES_AGGRESSIVE;
				CLANG_CXX_LANGUAGE_STANDARD = "gnu++14";
				CLANG_CXX_LIBRARY = "libc++";
				CLANG_ENABLE_MODULES = YES;
				CLANG_ENABLE_OBJC_ARC = YES;
				CLANG_ENABLE_OBJC_WEAK = YES;
				CLANG_WARN_BLOCK_CAPTURE_AUTORELEASING = YES;
				CLANG_WARN_BOOL_CONVERSION = YES;
				CLANG_WARN_COMMA = YES;
				CLANG_WARN_CONSTANT_CONVERSION = YES;
				CLANG_WARN_DEPRECATED_OBJC_IMPLEMENTATIONS = YES;
				CLANG_WARN_DIRECT_OBJC_ISA_USAGE = YES_ERROR;
				CLANG_WARN_DOCUMENTATION_COMMENTS = YES;
				CLANG_WARN_EMPTY_BODY = YES;
				CLANG_WARN_ENUM_CONVERSION = YES;
				CLANG_WARN_INFINITE_RECURSION = YES;
				CLANG_WARN_INT_CONVERSION = YES;
				CLANG_WARN_NON_LITERAL_NULL_CONVERSION = YES;
				CLANG_WARN_OBJC_IMPLICIT_RETAIN_SELF = YES;
				CLANG_WARN_OBJC_LITERAL_CONVERSION = YES;
				CLANG_WARN_OBJC_ROOT_CLASS = YES_ERROR;
				CLANG_WARN_RANGE_LOOP_ANALYSIS = YES;
				CLANG_WARN_STRICT_PROTOTYPES = YES;
				CLANG_WARN_SUSPICIOUS_MOVE = YES;
				CLANG_WARN_UNGUARDED_AVAILABILITY = YES_AGGRESSIVE;
				CLANG_WARN_UNREACHABLE_CODE = YES;
				CLANG_WARN__DUPLICATE_METHOD_MATCH = YES;
				CODE_SIGN_IDENTITY = "iPhone Developer";
				COPY_PHASE_STRIP = NO;
				DEBUG_INFORMATION_FORMAT = "dwarf-with-dsym";
				ENABLE_NS_ASSERTIONS = NO;
				ENABLE_STRICT_OBJC_MSGSEND = YES;
				GCC_C_LANGUAGE_STANDARD = gnu11;
				GCC_NO_COMMON_BLOCKS = YES;
				GCC_WARN_64_TO_32_BIT_CONVERSION = YES;
				GCC_WARN_ABOUT_RETURN_TYPE = YES_ERROR;
				GCC_WARN_UNDECLARED_SELECTOR = YES;
				GCC_WARN_UNINITIALIZED_AUTOS = YES_AGGRESSIVE;
				GCC_WARN_UNUSED_FUNCTION = YES;
				GCC_WARN_UNUSED_VARIABLE = YES;
				IPHONEOS_DEPLOYMENT_TARGET = 11.3;
				MTL_ENABLE_DEBUG_INFO = NO;
				SDKROOT = iphoneos;
				SWIFT_COMPILATION_MODE = wholemodule;
				SWIFT_OPTIMIZATION_LEVEL = "-O";
				VALIDATE_PRODUCT = YES;
			};
			name = Release;
		};
		EEAFE2CB20BDC0D70013A8D0 /* Debug */ = {
			isa = XCBuildConfiguration;
			buildSettings = {
				ASSETCATALOG_COMPILER_APPICON_NAME = AppIcon;
				CODE_SIGN_STYLE = Automatic;
				DEVELOPMENT_TEAM = TA82UEXLK6;
				INFOPLIST_FILE = FGTwoOptionsPopUp/Info.plist;
				LD_RUNPATH_SEARCH_PATHS = (
					"$(inherited)",
					"@executable_path/Frameworks",
				);
				PRODUCT_BUNDLE_IDENTIFIER = com.filippogiove.FGTwoOptionsPopUp;
				PRODUCT_NAME = "$(TARGET_NAME)";
				SWIFT_VERSION = 4.0;
				TARGETED_DEVICE_FAMILY = "1,2";
			};
			name = Debug;
		};
		EEAFE2CC20BDC0D70013A8D0 /* Release */ = {
			isa = XCBuildConfiguration;
			buildSettings = {
				ASSETCATALOG_COMPILER_APPICON_NAME = AppIcon;
				CODE_SIGN_STYLE = Automatic;
				DEVELOPMENT_TEAM = TA82UEXLK6;
				INFOPLIST_FILE = FGTwoOptionsPopUp/Info.plist;
				LD_RUNPATH_SEARCH_PATHS = (
					"$(inherited)",
					"@executable_path/Frameworks",
				);
				PRODUCT_BUNDLE_IDENTIFIER = com.filippogiove.FGTwoOptionsPopUp;
				PRODUCT_NAME = "$(TARGET_NAME)";
				SWIFT_VERSION = 4.0;
				TARGETED_DEVICE_FAMILY = "1,2";
			};
			name = Release;
		};
/* End XCBuildConfiguration section */

/* Begin XCConfigurationList section */
		EEAFE2B320BDC0D60013A8D0 /* Build configuration list for PBXProject "FGTwoOptionsPopUp" */ = {
			isa = XCConfigurationList;
			buildConfigurations = (
				EEAFE2C820BDC0D70013A8D0 /* Debug */,
				EEAFE2C920BDC0D70013A8D0 /* Release */,
			);
			defaultConfigurationIsVisible = 0;
			defaultConfigurationName = Release;
		};
		EEAFE2CA20BDC0D70013A8D0 /* Build configuration list for PBXNativeTarget "FGTwoOptionsPopUp" */ = {
			isa = XCConfigurationList;
			buildConfigurations = (
				EEAFE2CB20BDC0D70013A8D0 /* Debug */,
				EEAFE2CC20BDC0D70013A8D0 /* Release */,
			);
			defaultConfigurationIsVisible = 0;
			defaultConfigurationName = Release;
		};
/* End XCConfigurationList section */
	};
	rootObject = EEAFE2B020BDC0D60013A8D0 /* Project object */;
}
